
Microsoft Visual Studio Solution File, Format Version 11.00
# Visual Studio 2010
Project("{FAE04EC0-301F-11D3-BF4B-00C04F79EFBC}") = "parkour_game", "Assembly-CSharp.csproj", "{D729D4BD-0CB0-75B4-255B-41A58FC373DF}"
EndProject
Global
	GlobalSection(SolutionConfigurationPlatforms) = preSolution
		Debug|Any CPU = Debug|Any CPU
		Release|Any CPU = Release|Any CPU
	EndGlobalSection
	GlobalSection(ProjectConfigurationPlatforms) = postSolution
		{D729D4BD-0CB0-75B4-255B-41A58FC373DF}.Debug|Any CPU.ActiveCfg = Debug|Any CPU
		{D729D4BD-0CB0-75B4-255B-41A58FC373DF}.Debug|Any CPU.Build.0 = Debug|Any CPU
		{D729D4BD-0CB0-75B4-255B-41A58FC373DF}.Release|Any CPU.ActiveCfg = Release|Any CPU
		{D729D4BD-0CB0-75B4-255B-41A58FC373DF}.Release|Any CPU.Build.0 = Release|Any CPU
	EndGlobalSection
	GlobalSection(SolutionProperties) = preSolution
		HideSolutionNode = FALSE
	EndGlobalSection
	GlobalSection(MonoDevelopProperties) = preSolution
		StartupItem = Assembly-CSharp.csproj
	EndGlobalSection
EndGlobal
